
Microsoft Visual Studio Solution File, Format Version 12.00
# Visual Studio Version 17
VisualStudioVersion = 17.1.32210.238
MinimumVisualStudioVersion = 10.0.40219.1
Project("{FAE04EC0-301F-11D3-BF4B-00C04F79EFBC}") = "Zadanie_5", "Zadanie_5.csproj", "{DC538C55-701A-4284-8FEB-204CCD0FA627}"
EndProject
Global
	GlobalSection(SolutionConfigurationPlatforms) = preSolution
		Debug|Any CPU = Debug|Any CPU
		Release|Any CPU = Release|Any CPU
	EndGlobalSection
	GlobalSection(ProjectConfigurationPlatforms) = postSolution
		{DC538C55-701A-4284-8FEB-204CCD0FA627}.Debug|Any CPU.ActiveCfg = Debug|Any CPU
		{DC538C55-701A-4284-8FEB-204CCD0FA627}.Debug|Any CPU.Build.0 = Debug|Any CPU
		{DC538C55-701A-4284-8FEB-204CCD0FA627}.Release|Any CPU.ActiveCfg = Release|Any CPU
		{DC538C55-701A-4284-8FEB-204CCD0FA627}.Release|Any CPU.Build.0 = Release|Any CPU
	EndGlobalSection
	GlobalSection(SolutionProperties) = preSolution
		HideSolutionNode = FALSE
	EndGlobalSection
	GlobalSection(ExtensibilityGlobals) = postSolution
		SolutionGuid = {F8E002D3-00BB-4978-9C0E-53EB47FC2172}
	EndGlobalSection
EndGlobal
